
Microsoft Visual Studio Solution File, Format Version 12.00
# Visual Studio 2013
VisualStudioVersion = 12.0.21005.1
MinimumVisualStudioVersion = 10.0.40219.1
Project("{FAE04EC0-301F-11D3-BF4B-00C04F79EFBC}") = "commonFunc", "commonFunc\commonFunc.csproj", "{6496C8B9-A1C0-4A1C-AF93-BF87774476B9}"
EndProject
Project("{FAE04EC0-301F-11D3-BF4B-00C04F79EFBC}") = "Leetcode", "Leetcode\Leetcode.csproj", "{6F312B16-0376-454C-B1E9-802ED3079835}"
EndProject
Project("{2150E333-8FDC-42A3-9474-1A3956D46DE8}") = "knowledge", "knowledge", "{691B4294-5E27-493E-A838-6645A260F08B}"
	ProjectSection(SolutionItems) = preProject
		commonfile\[数据结构(C语言版)].严蔚敏_吴伟民.扫描版.pdf = commonfile\[数据结构(C语言版)].严蔚敏_吴伟民.扫描版.pdf
		commonfile\ASP.NET本质论.pdf = commonfile\ASP.NET本质论.pdf
		commonfile\《数据结构》算法实现及解析[第二版]高一凡(jb51.net).pdf = commonfile\《数据结构》算法实现及解析[第二版]高一凡(jb51.net).pdf
		commonfile\数据结构与算法分析(C#版）.pdf = commonfile\数据结构与算法分析(C#版）.pdf
	EndProjectSection
EndProject
Project("{2150E333-8FDC-42A3-9474-1A3956D46DE8}") = "Essence_AspNet", "Essence_AspNet", "{AAE181E4-1836-432F-9255-DD0DCC1FFF13}"
EndProject
Project("{FAE04EC0-301F-11D3-BF4B-00C04F79EFBC}") = "EssenceConsole", "EssenceAspNet\EssenceConsole\EssenceConsole.csproj", "{F1235F5F-BFE4-4E28-A633-50DD7D4A4051}"
EndProject
Project("{2150E333-8FDC-42A3-9474-1A3956D46DE8}") = "EasyUICodeFirstEF", "EasyUICodeFirstEF", "{6705DA68-2140-48AB-8303-7EE1D19B8002}"
EndProject
Project("{FAE04EC0-301F-11D3-BF4B-00C04F79EFBC}") = "ViewWeb", "EasyUICodeFirstEF\ViewWeb\ViewWeb.csproj", "{AD7443BF-8898-47B7-A60D-00FF9E551A7A}"
EndProject
Project("{FAE04EC0-301F-11D3-BF4B-00C04F79EFBC}") = "ViewWeb.Tests", "EasyUICodeFirstEF\ViewWeb.Tests\ViewWeb.Tests.csproj", "{8C6872C3-49CC-4E32-8CD0-83792EDCE0D1}"
EndProject
Project("{2150E333-8FDC-42A3-9474-1A3956D46DE8}") = "JPush", "JPush", "{910E5271-8EAC-4D6A-8315-85616B92022A}"
EndProject
Project("{FAE04EC0-301F-11D3-BF4B-00C04F79EFBC}") = "JPushEntry", "JPush\JPushEntry\JPushEntry.csproj", "{79A0D21C-D138-49F4-B28E-BE50658DF39A}"
EndProject
Project("{FAE04EC0-301F-11D3-BF4B-00C04F79EFBC}") = "cn.jpush.lib", "JPush\cn.jpush.lib\cn.jpush.lib.csproj", "{BDE8E9AB-6CFC-45C1-8282-8E793F3F241C}"
EndProject
Project("{2150E333-8FDC-42A3-9474-1A3956D46DE8}") = "T4lib", "T4lib", "{48365932-D19A-4784-B686-77C9F7886FB2}"
EndProject
Project("{FAE04EC0-301F-11D3-BF4B-00C04F79EFBC}") = "T4", "T4Lib\T4\T4.csproj", "{403CEE7E-2308-4AED-B5D1-12989321B58A}"
EndProject
Project("{FAE04EC0-301F-11D3-BF4B-00C04F79EFBC}") = "cn.T4.codeOut", "T4lib\cn.T4.codeOut\cn.T4.codeOut.csproj", "{9588ABC5-E46F-4E73-A4CD-74D4E1660440}"
EndProject
Project("{FAE04EC0-301F-11D3-BF4B-00C04F79EFBC}") = "JpushUnitTest", "JPush\JpushUnitTest\JpushUnitTest.csproj", "{B922CEBD-C213-4973-A069-C88104F3E1CC}"
EndProject
Project("{FAE04EC0-301F-11D3-BF4B-00C04F79EFBC}") = "UnitTestProject1", "T4lib\UnitTestProject1\UnitTestProject1.csproj", "{7A7A1D33-197B-46B7-83D3-2F37741470DB}"
EndProject
Global
	GlobalSection(SolutionConfigurationPlatforms) = preSolution
		Debug|Any CPU = Debug|Any CPU
		Debug|Mixed Platforms = Debug|Mixed Platforms
		Debug|Win32 = Debug|Win32
		Release|Any CPU = Release|Any CPU
		Release|Mixed Platforms = Release|Mixed Platforms
		Release|Win32 = Release|Win32
	EndGlobalSection
	GlobalSection(ProjectConfigurationPlatforms) = postSolution
		{6496C8B9-A1C0-4A1C-AF93-BF87774476B9}.Debug|Any CPU.ActiveCfg = Debug|Any CPU
		{6496C8B9-A1C0-4A1C-AF93-BF87774476B9}.Debug|Any CPU.Build.0 = Debug|Any CPU
		{6496C8B9-A1C0-4A1C-AF93-BF87774476B9}.Debug|Mixed Platforms.ActiveCfg = Debug|Any CPU
		{6496C8B9-A1C0-4A1C-AF93-BF87774476B9}.Debug|Mixed Platforms.Build.0 = Debug|Any CPU
		{6496C8B9-A1C0-4A1C-AF93-BF87774476B9}.Debug|Win32.ActiveCfg = Debug|Any CPU
		{6496C8B9-A1C0-4A1C-AF93-BF87774476B9}.Release|Any CPU.ActiveCfg = Release|Any CPU
		{6496C8B9-A1C0-4A1C-AF93-BF87774476B9}.Release|Any CPU.Build.0 = Release|Any CPU
		{6496C8B9-A1C0-4A1C-AF93-BF87774476B9}.Release|Mixed Platforms.ActiveCfg = Release|Any CPU
		{6496C8B9-A1C0-4A1C-AF93-BF87774476B9}.Release|Mixed Platforms.Build.0 = Release|Any CPU
		{6496C8B9-A1C0-4A1C-AF93-BF87774476B9}.Release|Win32.ActiveCfg = Release|Any CPU
		{6F312B16-0376-454C-B1E9-802ED3079835}.Debug|Any CPU.ActiveCfg = Debug|Any CPU
		{6F312B16-0376-454C-B1E9-802ED3079835}.Debug|Any CPU.Build.0 = Debug|Any CPU
		{6F312B16-0376-454C-B1E9-802ED3079835}.Debug|Mixed Platforms.ActiveCfg = Debug|Any CPU
		{6F312B16-0376-454C-B1E9-802ED3079835}.Debug|Mixed Platforms.Build.0 = Debug|Any CPU
		{6F312B16-0376-454C-B1E9-802ED3079835}.Debug|Win32.ActiveCfg = Debug|Any CPU
		{6F312B16-0376-454C-B1E9-802ED3079835}.Release|Any CPU.ActiveCfg = Release|Any CPU
		{6F312B16-0376-454C-B1E9-802ED3079835}.Release|Any CPU.Build.0 = Release|Any CPU
		{6F312B16-0376-454C-B1E9-802ED3079835}.Release|Mixed Platforms.ActiveCfg = Release|Any CPU
		{6F312B16-0376-454C-B1E9-802ED3079835}.Release|Mixed Platforms.Build.0 = Release|Any CPU
		{6F312B16-0376-454C-B1E9-802ED3079835}.Release|Win32.ActiveCfg = Release|Any CPU
		{F1235F5F-BFE4-4E28-A633-50DD7D4A4051}.Debug|Any CPU.ActiveCfg = Debug|Any CPU
		{F1235F5F-BFE4-4E28-A633-50DD7D4A4051}.Debug|Any CPU.Build.0 = Debug|Any CPU
		{F1235F5F-BFE4-4E28-A633-50DD7D4A4051}.Debug|Mixed Platforms.ActiveCfg = Debug|Any CPU
		{F1235F5F-BFE4-4E28-A633-50DD7D4A4051}.Debug|Mixed Platforms.Build.0 = Debug|Any CPU
		{F1235F5F-BFE4-4E28-A633-50DD7D4A4051}.Debug|Win32.ActiveCfg = Debug|Any CPU
		{F1235F5F-BFE4-4E28-A633-50DD7D4A4051}.Release|Any CPU.ActiveCfg = Release|Any CPU
		{F1235F5F-BFE4-4E28-A633-50DD7D4A4051}.Release|Any CPU.Build.0 = Release|Any CPU
		{F1235F5F-BFE4-4E28-A633-50DD7D4A4051}.Release|Mixed Platforms.ActiveCfg = Release|Any CPU
		{F1235F5F-BFE4-4E28-A633-50DD7D4A4051}.Release|Mixed Platforms.Build.0 = Release|Any CPU
		{F1235F5F-BFE4-4E28-A633-50DD7D4A4051}.Release|Win32.ActiveCfg = Release|Any CPU
		{AD7443BF-8898-47B7-A60D-00FF9E551A7A}.Debug|Any CPU.ActiveCfg = Debug|Any CPU
		{AD7443BF-8898-47B7-A60D-00FF9E551A7A}.Debug|Any CPU.Build.0 = Debug|Any CPU
		{AD7443BF-8898-47B7-A60D-00FF9E551A7A}.Debug|Mixed Platforms.ActiveCfg = Debug|Any CPU
		{AD7443BF-8898-47B7-A60D-00FF9E551A7A}.Debug|Mixed Platforms.Build.0 = Debug|Any CPU
		{AD7443BF-8898-47B7-A60D-00FF9E551A7A}.Debug|Win32.ActiveCfg = Debug|Any CPU
		{AD7443BF-8898-47B7-A60D-00FF9E551A7A}.Release|Any CPU.ActiveCfg = Release|Any CPU
		{AD7443BF-8898-47B7-A60D-00FF9E551A7A}.Release|Any CPU.Build.0 = Release|Any CPU
		{AD7443BF-8898-47B7-A60D-00FF9E551A7A}.Release|Mixed Platforms.ActiveCfg = Release|Any CPU
		{AD7443BF-8898-47B7-A60D-00FF9E551A7A}.Release|Mixed Platforms.Build.0 = Release|Any CPU
		{AD7443BF-8898-47B7-A60D-00FF9E551A7A}.Release|Win32.ActiveCfg = Release|Any CPU
		{8C6872C3-49CC-4E32-8CD0-83792EDCE0D1}.Debug|Any CPU.ActiveCfg = Debug|Any CPU
		{8C6872C3-49CC-4E32-8CD0-83792EDCE0D1}.Debug|Any CPU.Build.0 = Debug|Any CPU
		{8C6872C3-49CC-4E32-8CD0-83792EDCE0D1}.Debug|Mixed Platforms.ActiveCfg = Debug|Any CPU
		{8C6872C3-49CC-4E32-8CD0-83792EDCE0D1}.Debug|Mixed Platforms.Build.0 = Debug|Any CPU
		{8C6872C3-49CC-4E32-8CD0-83792EDCE0D1}.Debug|Win32.ActiveCfg = Debug|Any CPU
		{8C6872C3-49CC-4E32-8CD0-83792EDCE0D1}.Release|Any CPU.ActiveCfg = Release|Any CPU
		{8C6872C3-49CC-4E32-8CD0-83792EDCE0D1}.Release|Any CPU.Build.0 = Release|Any CPU
		{8C6872C3-49CC-4E32-8CD0-83792EDCE0D1}.Release|Mixed Platforms.ActiveCfg = Release|Any CPU
		{8C6872C3-49CC-4E32-8CD0-83792EDCE0D1}.Release|Mixed Platforms.Build.0 = Release|Any CPU
		{8C6872C3-49CC-4E32-8CD0-83792EDCE0D1}.Release|Win32.ActiveCfg = Release|Any CPU
		{79A0D21C-D138-49F4-B28E-BE50658DF39A}.Debug|Any CPU.ActiveCfg = Debug|Any CPU
		{79A0D21C-D138-49F4-B28E-BE50658DF39A}.Debug|Any CPU.Build.0 = Debug|Any CPU
		{79A0D21C-D138-49F4-B28E-BE50658DF39A}.Debug|Mixed Platforms.ActiveCfg = Debug|Any CPU
		{79A0D21C-D138-49F4-B28E-BE50658DF39A}.Debug|Mixed Platforms.Build.0 = Debug|Any CPU
		{79A0D21C-D138-49F4-B28E-BE50658DF39A}.Debug|Win32.ActiveCfg = Debug|Any CPU
		{79A0D21C-D138-49F4-B28E-BE50658DF39A}.Release|Any CPU.ActiveCfg = Release|Any CPU
		{79A0D21C-D138-49F4-B28E-BE50658DF39A}.Release|Any CPU.Build.0 = Release|Any CPU
		{79A0D21C-D138-49F4-B28E-BE50658DF39A}.Release|Mixed Platforms.ActiveCfg = Release|Any CPU
		{79A0D21C-D138-49F4-B28E-BE50658DF39A}.Release|Mixed Platforms.Build.0 = Release|Any CPU
		{79A0D21C-D138-49F4-B28E-BE50658DF39A}.Release|Win32.ActiveCfg = Release|Any CPU
		{BDE8E9AB-6CFC-45C1-8282-8E793F3F241C}.Debug|Any CPU.ActiveCfg = Debug|Any CPU
		{BDE8E9AB-6CFC-45C1-8282-8E793F3F241C}.Debug|Any CPU.Build.0 = Debug|Any CPU
		{BDE8E9AB-6CFC-45C1-8282-8E793F3F241C}.Debug|Mixed Platforms.ActiveCfg = Debug|Any CPU
		{BDE8E9AB-6CFC-45C1-8282-8E793F3F241C}.Debug|Mixed Platforms.Build.0 = Debug|Any CPU
		{BDE8E9AB-6CFC-45C1-8282-8E793F3F241C}.Debug|Win32.ActiveCfg = Debug|Any CPU
		{BDE8E9AB-6CFC-45C1-8282-8E793F3F241C}.Release|Any CPU.ActiveCfg = Release|Any CPU
		{BDE8E9AB-6CFC-45C1-8282-8E793F3F241C}.Release|Any CPU.Build.0 = Release|Any CPU
		{BDE8E9AB-6CFC-45C1-8282-8E793F3F241C}.Release|Mixed Platforms.ActiveCfg = Release|Any CPU
		{BDE8E9AB-6CFC-45C1-8282-8E793F3F241C}.Release|Mixed Platforms.Build.0 = Release|Any CPU
		{BDE8E9AB-6CFC-45C1-8282-8E793F3F241C}.Release|Win32.ActiveCfg = Release|Any CPU
		{403CEE7E-2308-4AED-B5D1-12989321B58A}.Debug|Any CPU.ActiveCfg = Debug|Any CPU
		{403CEE7E-2308-4AED-B5D1-12989321B58A}.Debug|Any CPU.Build.0 = Debug|Any CPU
		{403CEE7E-2308-4AED-B5D1-12989321B58A}.Debug|Mixed Platforms.ActiveCfg = Debug|Any CPU
		{403CEE7E-2308-4AED-B5D1-12989321B58A}.Debug|Mixed Platforms.Build.0 = Debug|Any CPU
		{403CEE7E-2308-4AED-B5D1-12989321B58A}.Debug|Win32.ActiveCfg = Debug|Any CPU
		{403CEE7E-2308-4AED-B5D1-12989321B58A}.Release|Any CPU.ActiveCfg = Release|Any CPU
		{403CEE7E-2308-4AED-B5D1-12989321B58A}.Release|Any CPU.Build.0 = Release|Any CPU
		{403CEE7E-2308-4AED-B5D1-12989321B58A}.Release|Mixed Platforms.ActiveCfg = Release|Any CPU
		{403CEE7E-2308-4AED-B5D1-12989321B58A}.Release|Mixed Platforms.Build.0 = Release|Any CPU
		{403CEE7E-2308-4AED-B5D1-12989321B58A}.Release|Win32.ActiveCfg = Release|Any CPU
		{9588ABC5-E46F-4E73-A4CD-74D4E1660440}.Debug|Any CPU.ActiveCfg = Debug|Any CPU
		{9588ABC5-E46F-4E73-A4CD-74D4E1660440}.Debug|Any CPU.Build.0 = Debug|Any CPU
		{9588ABC5-E46F-4E73-A4CD-74D4E1660440}.Debug|Mixed Platforms.ActiveCfg = Debug|Any CPU
		{9588ABC5-E46F-4E73-A4CD-74D4E1660440}.Debug|Mixed Platforms.Build.0 = Debug|Any CPU
		{9588ABC5-E46F-4E73-A4CD-74D4E1660440}.Debug|Win32.ActiveCfg = Debug|Any CPU
		{9588ABC5-E46F-4E73-A4CD-74D4E1660440}.Release|Any CPU.ActiveCfg = Release|Any CPU
		{9588ABC5-E46F-4E73-A4CD-74D4E1660440}.Release|Any CPU.Build.0 = Release|Any CPU
		{9588ABC5-E46F-4E73-A4CD-74D4E1660440}.Release|Mixed Platforms.ActiveCfg = Release|Any CPU
		{9588ABC5-E46F-4E73-A4CD-74D4E1660440}.Release|Mixed Platforms.Build.0 = Release|Any CPU
		{9588ABC5-E46F-4E73-A4CD-74D4E1660440}.Release|Win32.ActiveCfg = Release|Any CPU
		{B922CEBD-C213-4973-A069-C88104F3E1CC}.Debug|Any CPU.ActiveCfg = Debug|Any CPU
		{B922CEBD-C213-4973-A069-C88104F3E1CC}.Debug|Any CPU.Build.0 = Debug|Any CPU
		{B922CEBD-C213-4973-A069-C88104F3E1CC}.Debug|Mixed Platforms.ActiveCfg = Debug|Any CPU
		{B922CEBD-C213-4973-A069-C88104F3E1CC}.Debug|Mixed Platforms.Build.0 = Debug|Any CPU
		{B922CEBD-C213-4973-A069-C88104F3E1CC}.Debug|Win32.ActiveCfg = Debug|Any CPU
		{B922CEBD-C213-4973-A069-C88104F3E1CC}.Release|Any CPU.ActiveCfg = Release|Any CPU
		{B922CEBD-C213-4973-A069-C88104F3E1CC}.Release|Any CPU.Build.0 = Release|Any CPU
		{B922CEBD-C213-4973-A069-C88104F3E1CC}.Release|Mixed Platforms.ActiveCfg = Release|Any CPU
		{B922CEBD-C213-4973-A069-C88104F3E1CC}.Release|Mixed Platforms.Build.0 = Release|Any CPU
		{B922CEBD-C213-4973-A069-C88104F3E1CC}.Release|Win32.ActiveCfg = Release|Any CPU
		{7A7A1D33-197B-46B7-83D3-2F37741470DB}.Debug|Any CPU.ActiveCfg = Debug|Any CPU
		{7A7A1D33-197B-46B7-83D3-2F37741470DB}.Debug|Any CPU.Build.0 = Debug|Any CPU
		{7A7A1D33-197B-46B7-83D3-2F37741470DB}.Debug|Mixed Platforms.ActiveCfg = Debug|Any CPU
		{7A7A1D33-197B-46B7-83D3-2F37741470DB}.Debug|Mixed Platforms.Build.0 = Debug|Any CPU
		{7A7A1D33-197B-46B7-83D3-2F37741470DB}.Debug|Win32.ActiveCfg = Debug|Any CPU
		{7A7A1D33-197B-46B7-83D3-2F37741470DB}.Release|Any CPU.ActiveCfg = Release|Any CPU
		{7A7A1D33-197B-46B7-83D3-2F37741470DB}.Release|Any CPU.Build.0 = Release|Any CPU
		{7A7A1D33-197B-46B7-83D3-2F37741470DB}.Release|Mixed Platforms.ActiveCfg = Release|Any CPU
		{7A7A1D33-197B-46B7-83D3-2F37741470DB}.Release|Mixed Platforms.Build.0 = Release|Any CPU
		{7A7A1D33-197B-46B7-83D3-2F37741470DB}.Release|Win32.ActiveCfg = Release|Any CPU
	EndGlobalSection
	GlobalSection(SolutionProperties) = preSolution
		HideSolutionNode = FALSE
	EndGlobalSection
	GlobalSection(NestedProjects) = preSolution
		{F1235F5F-BFE4-4E28-A633-50DD7D4A4051} = {AAE181E4-1836-432F-9255-DD0DCC1FFF13}
		{AD7443BF-8898-47B7-A60D-00FF9E551A7A} = {6705DA68-2140-48AB-8303-7EE1D19B8002}
		{8C6872C3-49CC-4E32-8CD0-83792EDCE0D1} = {6705DA68-2140-48AB-8303-7EE1D19B8002}
		{79A0D21C-D138-49F4-B28E-BE50658DF39A} = {910E5271-8EAC-4D6A-8315-85616B92022A}
		{BDE8E9AB-6CFC-45C1-8282-8E793F3F241C} = {910E5271-8EAC-4D6A-8315-85616B92022A}
		{B922CEBD-C213-4973-A069-C88104F3E1CC} = {910E5271-8EAC-4D6A-8315-85616B92022A}
		{403CEE7E-2308-4AED-B5D1-12989321B58A} = {48365932-D19A-4784-B686-77C9F7886FB2}
		{9588ABC5-E46F-4E73-A4CD-74D4E1660440} = {48365932-D19A-4784-B686-77C9F7886FB2}
		{7A7A1D33-197B-46B7-83D3-2F37741470DB} = {48365932-D19A-4784-B686-77C9F7886FB2}
	EndGlobalSection
EndGlobal
